{
  "name": "csv-test",
  "version": "1.0.0",
  "lockfileVersion": 1,
  "requires": true,
  "dependencies": {
    "csv": {
      "version": "3.1.0",
      "resolved": "http://registry.npm.taobao.org/csv/download/csv-3.1.0.tgz",
      "integrity": "sha1-ka2GJeKUvzels2a4TQGqQLLSDxU=",
      "requires": {
        "csv-generate": "2.1.0",
        "csv-parse": "2.5.0",
        "csv-stringify": "3.1.1",
        "stream-transform": "1.0.2"
      }
    },
    "csv-generate": {
      "version": "2.1.0",
      "resolved": "http://registry.npm.taobao.org/csv-generate/download/csv-generate-2.1.0.tgz",
      "integrity": "sha1-ukvqSqBoWOrnj+FqQD7yDnzeY3Q="
    },
    "csv-parse": {
      "version": "2.5.0",
      "resolved": "http://registry.npm.taobao.org/csv-parse/download/csv-parse-2.5.0.tgz",
      "integrity": "sha1-ZXSJl+zDcZxZRiLbG56g4ut9Vrs="
    },
    "csv-stringify": {
      "version": "3.1.1",
      "resolved": "http://registry.npm.taobao.org/csv-stringify/download/csv-stringify-3.1.1.tgz",
      "integrity": "sha1-Ok4YCoT5xFpqCgQBwbQbMVuRMfA=",
      "requires": {
        "lodash.get": "4.4.2"
      }
    },
    "lodash.get": {
      "version": "4.4.2",
      "resolved": "http://registry.npm.taobao.org/lodash.get/download/lodash.get-4.4.2.tgz",
      "integrity": "sha1-LRd/ZS+jHpObRDjVNBSZ36OCXpk="
    },
    "stream-transform": {
      "version": "1.0.2",
      "resolved": "http://registry.npm.taobao.org/stream-transform/download/stream-transform-1.0.2.tgz",
      "integrity": "sha1-R95NFfvCm34qflTSXplTiHbxFME="
    }
  }
}
